
Microsoft Visual Studio Solution File, Format Version 12.00
# Visual Studio Version 17
VisualStudioVersion = 17.11.35222.181
MinimumVisualStudioVersion = 10.0.40219.1
Project("{FAE04EC0-301F-11D3-BF4B-00C04F79EFBC}") = "EscapeRoomGame", "EscapeRoomGame.csproj", "{B8CAC9B0-F4FE-4526-8976-320B43939A09}"
EndProject
Global
	GlobalSection(SolutionConfigurationPlatforms) = preSolution
		Debug|Any CPU = Debug|Any CPU
		Release|Any CPU = Release|Any CPU
	EndGlobalSection
	GlobalSection(ProjectConfigurationPlatforms) = postSolution
		{B8CAC9B0-F4FE-4526-8976-320B43939A09}.Debug|Any CPU.ActiveCfg = Debug|Any CPU
		{B8CAC9B0-F4FE-4526-8976-320B43939A09}.Debug|Any CPU.Build.0 = Debug|Any CPU
		{B8CAC9B0-F4FE-4526-8976-320B43939A09}.Release|Any CPU.ActiveCfg = Release|Any CPU
		{B8CAC9B0-F4FE-4526-8976-320B43939A09}.Release|Any CPU.Build.0 = Release|Any CPU
	EndGlobalSection
	GlobalSection(SolutionProperties) = preSolution
		HideSolutionNode = FALSE
	EndGlobalSection
	GlobalSection(ExtensibilityGlobals) = postSolution
		SolutionGuid = {B4C42020-124F-4627-AA9E-FE1ED2964B1B}
	EndGlobalSection
EndGlobal
